
Microsoft Visual Studio Solution File, Format Version 12.00
# Visual Studio 15
VisualStudioVersion = 15.0.28307.438
MinimumVisualStudioVersion = 10.0.40219.1
Project("{FAE04EC0-301F-11D3-BF4B-00C04F79EFBC}") = "CharacterCreator.Winforms", "CharacterCreator.Winforms\CharacterCreator.Winforms.csproj", "{BAB2330E-AC44-4BF1-BC63-141D9831F5FD}"
EndProject
Global
	GlobalSection(SolutionConfigurationPlatforms) = preSolution
		Debug|Any CPU = Debug|Any CPU
		Release|Any CPU = Release|Any CPU
	EndGlobalSection
	GlobalSection(ProjectConfigurationPlatforms) = postSolution
		{BAB2330E-AC44-4BF1-BC63-141D9831F5FD}.Debug|Any CPU.ActiveCfg = Debug|Any CPU
		{BAB2330E-AC44-4BF1-BC63-141D9831F5FD}.Debug|Any CPU.Build.0 = Debug|Any CPU
		{BAB2330E-AC44-4BF1-BC63-141D9831F5FD}.Release|Any CPU.ActiveCfg = Release|Any CPU
		{BAB2330E-AC44-4BF1-BC63-141D9831F5FD}.Release|Any CPU.Build.0 = Release|Any CPU
	EndGlobalSection
	GlobalSection(SolutionProperties) = preSolution
		HideSolutionNode = FALSE
	EndGlobalSection
	GlobalSection(ExtensibilityGlobals) = postSolution
		SolutionGuid = {8A365939-259A-4698-8D94-A4554B5C526C}
	EndGlobalSection
EndGlobal
